
Microsoft Visual Studio Solution File, Format Version 12.00
# Visual Studio Version 17
VisualStudioVersion = 17.6.33829.357
MinimumVisualStudioVersion = 10.0.40219.1
Project("{9A19103F-16F7-4668-BE54-9A1E7A4F7556}") = "Kafka.Publisher.Service", "Kafka.Publisher.Service\Kafka.Publisher.Service.csproj", "{1103A0D4-DD5D-48AB-AAF9-2E5DBAF6C056}"
EndProject
Project("{FAE04EC0-301F-11D3-BF4B-00C04F79EFBC}") = "Kafka.Consumer.Service", "Kafka.Consumer.Service\Kafka.Consumer.Service.csproj", "{C7F81964-A298-4309-A8B5-D36EA690C994}"
EndProject
Project("{FAE04EC0-301F-11D3-BF4B-00C04F79EFBC}") = "Kafka.Intergration.Service", "Kafka.Intergration.Service\Kafka.Intergration.Service.csproj", "{FBE7C418-9C90-415D-86CD-3AFB86C4D945}"
EndProject
Global
	GlobalSection(SolutionConfigurationPlatforms) = preSolution
		Debug|Any CPU = Debug|Any CPU
		Release|Any CPU = Release|Any CPU
	EndGlobalSection
	GlobalSection(ProjectConfigurationPlatforms) = postSolution
		{1103A0D4-DD5D-48AB-AAF9-2E5DBAF6C056}.Debug|Any CPU.ActiveCfg = Debug|Any CPU
		{1103A0D4-DD5D-48AB-AAF9-2E5DBAF6C056}.Debug|Any CPU.Build.0 = Debug|Any CPU
		{1103A0D4-DD5D-48AB-AAF9-2E5DBAF6C056}.Release|Any CPU.ActiveCfg = Release|Any CPU
		{1103A0D4-DD5D-48AB-AAF9-2E5DBAF6C056}.Release|Any CPU.Build.0 = Release|Any CPU
		{C7F81964-A298-4309-A8B5-D36EA690C994}.Debug|Any CPU.ActiveCfg = Debug|Any CPU
		{C7F81964-A298-4309-A8B5-D36EA690C994}.Debug|Any CPU.Build.0 = Debug|Any CPU
		{C7F81964-A298-4309-A8B5-D36EA690C994}.Release|Any CPU.ActiveCfg = Release|Any CPU
		{C7F81964-A298-4309-A8B5-D36EA690C994}.Release|Any CPU.Build.0 = Release|Any CPU
		{FBE7C418-9C90-415D-86CD-3AFB86C4D945}.Debug|Any CPU.ActiveCfg = Debug|Any CPU
		{FBE7C418-9C90-415D-86CD-3AFB86C4D945}.Debug|Any CPU.Build.0 = Debug|Any CPU
		{FBE7C418-9C90-415D-86CD-3AFB86C4D945}.Release|Any CPU.ActiveCfg = Release|Any CPU
		{FBE7C418-9C90-415D-86CD-3AFB86C4D945}.Release|Any CPU.Build.0 = Release|Any CPU
	EndGlobalSection
	GlobalSection(SolutionProperties) = preSolution
		HideSolutionNode = FALSE
	EndGlobalSection
	GlobalSection(ExtensibilityGlobals) = postSolution
		SolutionGuid = {A1667890-3AD8-4E89-8A68-9972FAD41CF8}
	EndGlobalSection
EndGlobal
